{
    "ds-auth": {
        "alias": "ds-auth",
        "install_uri": "ipfs://QmNbZx361PBNcpt7yq7EgZ3KP6QGb16GfAFaG215Svxhdv",
        "registry_address": "0xD230Dd91A049284a236f6ccba4412F647BDAAD9e",
        "resolved_content_hash": "QmNbZx361PBNcpt7yq7EgZ3KP6QGb16GfAFaG215Svxhdv",
        "resolved_package_name": "ds-auth",
        "resolved_uri": "ipfs://QmNbZx361PBNcpt7yq7EgZ3KP6QGb16GfAFaG215Svxhdv",
        "resolved_version": "3.0.0"
    },
    "ds-note": {
        "alias": "ds-note",
        "install_uri": "ipfs://QmeFvRgNFDArc7RVRnNyArD4CS5Z2RqEXvVuqu9diDmA4v",
        "registry_address": "0xD230Dd91A049284a236f6ccba4412F647BDAAD9e",
        "resolved_content_hash": "QmeFvRgNFDArc7RVRnNyArD4CS5Z2RqEXvVuqu9diDmA4v",
        "resolved_package_name": "ds-note",
        "resolved_uri": "ipfs://QmeFvRgNFDArc7RVRnNyArD4CS5Z2RqEXvVuqu9diDmA4v",
        "resolved_version": "3.0.0"
    }
}
