{
    "ds-token": {
        "alias": "ds-token",
        "install_uri": "ipfs://Qmb8rFWXyLhR9gvMKswvE2n5EHRKYWF4U46nsgFRNPi1dU",
        "registry_address": "0xD230Dd91A049284a236f6ccba4412F647BDAAD9e",
        "resolved_content_hash": "Qmb8rFWXyLhR9gvMKswvE2n5EHRKYWF4U46nsgFRNPi1dU",
        "resolved_package_name": "ds-token",
        "resolved_uri": "ipfs://Qmb8rFWXyLhR9gvMKswvE2n5EHRKYWF4U46nsgFRNPi1dU",
        "resolved_version": "3.0.0"
    }
}
