{
    "ds-math": {
        "alias": "ds-math",
        "install_uri": "ipfs://QmP1kEW1NXTT4jqgmpav8MHbYmxdgQH9DvvetkNSVdM9V8",
        "registry_address": "0xD230Dd91A049284a236f6ccba4412F647BDAAD9e",
        "resolved_content_hash": "QmP1kEW1NXTT4jqgmpav8MHbYmxdgQH9DvvetkNSVdM9V8",
        "resolved_package_name": "ds-math",
        "resolved_uri": "ipfs://QmP1kEW1NXTT4jqgmpav8MHbYmxdgQH9DvvetkNSVdM9V8",
        "resolved_version": "3.0.0"
    },
    "ds-stop": {
        "alias": "ds-stop",
        "install_uri": "ipfs://QmQuxHkzUqXtPUpSCMnhJUkxcLnrtzs9xXdBo6ZvBFuzoo",
        "registry_address": "0xD230Dd91A049284a236f6ccba4412F647BDAAD9e",
        "resolved_content_hash": "QmQuxHkzUqXtPUpSCMnhJUkxcLnrtzs9xXdBo6ZvBFuzoo",
        "resolved_package_name": "ds-stop",
        "resolved_uri": "ipfs://QmQuxHkzUqXtPUpSCMnhJUkxcLnrtzs9xXdBo6ZvBFuzoo",
        "resolved_version": "3.0.0"
    },
    "erc20": {
        "alias": "erc20",
        "install_uri": "ipfs://QmbfZDBBeqcE2PmoLN1eg9AwMUnkNU68anwxnX5SQXU5Yt",
        "registry_address": "0xD230Dd91A049284a236f6ccba4412F647BDAAD9e",
        "resolved_content_hash": "QmbfZDBBeqcE2PmoLN1eg9AwMUnkNU68anwxnX5SQXU5Yt",
        "resolved_package_name": "erc20",
        "resolved_uri": "ipfs://QmbfZDBBeqcE2PmoLN1eg9AwMUnkNU68anwxnX5SQXU5Yt",
        "resolved_version": "3.0.0"
    }
}
